
Microsoft Visual Studio Solution File, Format Version 12.00
# Visual Studio Version 17
VisualStudioVersion = 17.1.32228.430
MinimumVisualStudioVersion = 10.0.40219.1
Project("{FAE04EC0-301F-11D3-BF4B-00C04F79EFBC}") = "1911065522_PhungXuanDoan_BigSchool", "1911065522_PhungXuanDoan_BigSchool\1911065522_PhungXuanDoan_BigSchool.csproj", "{2890756D-76B1-4448-B076-833A5E03F812}"
EndProject
Global
	GlobalSection(SolutionConfigurationPlatforms) = preSolution
		Debug|Any CPU = Debug|Any CPU
		Release|Any CPU = Release|Any CPU
	EndGlobalSection
	GlobalSection(ProjectConfigurationPlatforms) = postSolution
		{2890756D-76B1-4448-B076-833A5E03F812}.Debug|Any CPU.ActiveCfg = Debug|Any CPU
		{2890756D-76B1-4448-B076-833A5E03F812}.Debug|Any CPU.Build.0 = Debug|Any CPU
		{2890756D-76B1-4448-B076-833A5E03F812}.Release|Any CPU.ActiveCfg = Release|Any CPU
		{2890756D-76B1-4448-B076-833A5E03F812}.Release|Any CPU.Build.0 = Release|Any CPU
	EndGlobalSection
	GlobalSection(SolutionProperties) = preSolution
		HideSolutionNode = FALSE
	EndGlobalSection
	GlobalSection(ExtensibilityGlobals) = postSolution
		SolutionGuid = {D45001B7-69A9-4919-80F0-186CAC2256C3}
	EndGlobalSection
EndGlobal
